
Microsoft Visual Studio Solution File, Format Version 12.00
# Visual Studio 14
VisualStudioVersion = 14.0.25420.1
MinimumVisualStudioVersion = 10.0.40219.1
Project("{FAE04EC0-301F-11D3-BF4B-00C04F79EFBC}") = "webAPI_Test", "webAPI_Test\webAPI_Test.csproj", "{61BBF93A-B5B3-4E99-B47E-A22E63D7E241}"
EndProject
Global
	GlobalSection(SolutionConfigurationPlatforms) = preSolution
		Debug|Any CPU = Debug|Any CPU
		Release|Any CPU = Release|Any CPU
	EndGlobalSection
	GlobalSection(ProjectConfigurationPlatforms) = postSolution
		{61BBF93A-B5B3-4E99-B47E-A22E63D7E241}.Debug|Any CPU.ActiveCfg = Debug|Any CPU
		{61BBF93A-B5B3-4E99-B47E-A22E63D7E241}.Debug|Any CPU.Build.0 = Debug|Any CPU
		{61BBF93A-B5B3-4E99-B47E-A22E63D7E241}.Release|Any CPU.ActiveCfg = Release|Any CPU
		{61BBF93A-B5B3-4E99-B47E-A22E63D7E241}.Release|Any CPU.Build.0 = Release|Any CPU
	EndGlobalSection
	GlobalSection(SolutionProperties) = preSolution
		HideSolutionNode = FALSE
	EndGlobalSection
EndGlobal
